
Microsoft Visual Studio Solution File, Format Version 12.00
# Visual Studio Version 17
VisualStudioVersion = 17.5.33424.131
MinimumVisualStudioVersion = 10.0.40219.1
Project("{FAE04EC0-301F-11D3-BF4B-00C04F79EFBC}") = "CrudOperations", "CrudOperations.csproj", "{3C6AA026-78E9-46F0-B9BC-0E0F922079EB}"
EndProject
Global
	GlobalSection(SolutionConfigurationPlatforms) = preSolution
		Debug|Any CPU = Debug|Any CPU
		Release|Any CPU = Release|Any CPU
	EndGlobalSection
	GlobalSection(ProjectConfigurationPlatforms) = postSolution
		{3C6AA026-78E9-46F0-B9BC-0E0F922079EB}.Debug|Any CPU.ActiveCfg = Debug|Any CPU
		{3C6AA026-78E9-46F0-B9BC-0E0F922079EB}.Debug|Any CPU.Build.0 = Debug|Any CPU
		{3C6AA026-78E9-46F0-B9BC-0E0F922079EB}.Release|Any CPU.ActiveCfg = Release|Any CPU
		{3C6AA026-78E9-46F0-B9BC-0E0F922079EB}.Release|Any CPU.Build.0 = Release|Any CPU
	EndGlobalSection
	GlobalSection(SolutionProperties) = preSolution
		HideSolutionNode = FALSE
	EndGlobalSection
	GlobalSection(ExtensibilityGlobals) = postSolution
		SolutionGuid = {D4C35B34-AFDE-40E2-B385-6D2459CBD095}
	EndGlobalSection
EndGlobal
