
Microsoft Visual Studio Solution File, Format Version 12.00
# Visual Studio Version 17
VisualStudioVersion = 17.5.33424.131
MinimumVisualStudioVersion = 10.0.40219.1
Project("{FAE04EC0-301F-11D3-BF4B-00C04F79EFBC}") = "HospitalManagementSystem", "HospitalManagementSystem.csproj", "{ABB3C767-165D-4177-8EA8-33A8E36EB458}"
EndProject
Global
	GlobalSection(SolutionConfigurationPlatforms) = preSolution
		Debug|Any CPU = Debug|Any CPU
		Release|Any CPU = Release|Any CPU
	EndGlobalSection
	GlobalSection(ProjectConfigurationPlatforms) = postSolution
		{ABB3C767-165D-4177-8EA8-33A8E36EB458}.Debug|Any CPU.ActiveCfg = Debug|Any CPU
		{ABB3C767-165D-4177-8EA8-33A8E36EB458}.Debug|Any CPU.Build.0 = Debug|Any CPU
		{ABB3C767-165D-4177-8EA8-33A8E36EB458}.Release|Any CPU.ActiveCfg = Release|Any CPU
		{ABB3C767-165D-4177-8EA8-33A8E36EB458}.Release|Any CPU.Build.0 = Release|Any CPU
	EndGlobalSection
	GlobalSection(SolutionProperties) = preSolution
		HideSolutionNode = FALSE
	EndGlobalSection
	GlobalSection(ExtensibilityGlobals) = postSolution
		SolutionGuid = {0C1C98DD-0719-4891-9D45-C253BCA358C9}
	EndGlobalSection
EndGlobal
